// !$*UTF8*$!
{
	archiveVersion = 1;
	classes = {
	};
	objectVersion = 50;
	objects = {

/* Begin PBXBuildFile section */
		5838CD9A2309DACB00C6AAC2 /* NetworkingManager.swift in Sources */ = {isa = PBXBuildFile; fileRef = 5838CD992309DACB00C6AAC2 /* NetworkingManager.swift */; };
		586A2EEB2300C11300AC2496 /* AppDelegate.swift in Sources */ = {isa = PBXBuildFile; fileRef = 586A2EEA2300C11300AC2496 /* AppDelegate.swift */; };
		586A2EED2300C11300AC2496 /* ViewController.swift in Sources */ = {isa = PBXBuildFile; fileRef = 586A2EEC2300C11300AC2496 /* ViewController.swift */; };
		586A2EF02300C11300AC2496 /* Main.storyboard in Resources */ = {isa = PBXBuildFile; fileRef = 586A2EEE2300C11300AC2496 /* Main.storyboard */; };
		586A2EF32300C11300AC2496 /* DevigetTest.xcdatamodeld in Sources */ = {isa = PBXBuildFile; fileRef = 586A2EF12300C11300AC2496 /* DevigetTest.xcdatamodeld */; };
		586A2EF52300C11400AC2496 /* Assets.xcassets in Resources */ = {isa = PBXBuildFile; fileRef = 586A2EF42300C11400AC2496 /* Assets.xcassets */; };
		586A2EF82300C11400AC2496 /* LaunchScreen.storyboard in Resources */ = {isa = PBXBuildFile; fileRef = 586A2EF62300C11400AC2496 /* LaunchScreen.storyboard */; };
		586A2F002300C1F200AC2496 /* RedditCell.swift in Sources */ = {isa = PBXBuildFile; fileRef = 586A2EFF2300C1F200AC2496 /* RedditCell.swift */; };
		58C4939323011685005DBAC5 /* Reddit+CoreDataClass.swift in Sources */ = {isa = PBXBuildFile; fileRef = 58C4939123011685005DBAC5 /* Reddit+CoreDataClass.swift */; };
		58C4939423011685005DBAC5 /* Reddit+CoreDataProperties.swift in Sources */ = {isa = PBXBuildFile; fileRef = 58C4939223011685005DBAC5 /* Reddit+CoreDataProperties.swift */; };
/* End PBXBuildFile section */

/* Begin PBXFileReference section */
		5838CD992309DACB00C6AAC2 /* NetworkingManager.swift */ = {isa = PBXFileReference; lastKnownFileType = sourcecode.swift; path = NetworkingManager.swift; sourceTree = "<group>"; };
		586A2EE72300C11300AC2496 /* DevigetTest.app */ = {isa = PBXFileReference; explicitFileType = wrapper.application; includeInIndex = 0; path = DevigetTest.app; sourceTree = BUILT_PRODUCTS_DIR; };
		586A2EEA2300C11300AC2496 /* AppDelegate.swift */ = {isa = PBXFileReference; lastKnownFileType = sourcecode.swift; path = AppDelegate.swift; sourceTree = "<group>"; };
		586A2EEC2300C11300AC2496 /* ViewController.swift */ = {isa = PBXFileReference; lastKnownFileType = sourcecode.swift; path = ViewController.swift; sourceTree = "<group>"; };
		586A2EEF2300C11300AC2496 /* Base */ = {isa = PBXFileReference; lastKnownFileType = file.storyboard; name = Base; path = Base.lproj/Main.storyboard; sourceTree = "<group>"; };
		586A2EF22300C11300AC2496 /* DevigetTest.xcdatamodel */ = {isa = PBXFileReference; lastKnownFileType = wrapper.xcdatamodel; path = DevigetTest.xcdatamodel; sourceTree = "<group>"; };
		586A2EF42300C11400AC2496 /* Assets.xcassets */ = {isa = PBXFileReference; lastKnownFileType = folder.assetcatalog; path = Assets.xcassets; sourceTree = "<group>"; };
		586A2EF72300C11400AC2496 /* Base */ = {isa = PBXFileReference; lastKnownFileType = file.storyboard; name = Base; path = Base.lproj/LaunchScreen.storyboard; sourceTree = "<group>"; };
		586A2EF92300C11400AC2496 /* Info.plist */ = {isa = PBXFileReference; lastKnownFileType = text.plist.xml; path = Info.plist; sourceTree = "<group>"; };
		586A2EFF2300C1F200AC2496 /* RedditCell.swift */ = {isa = PBXFileReference; lastKnownFileType = sourcecode.swift; path = RedditCell.swift; sourceTree = "<group>"; };
		58C4939123011685005DBAC5 /* Reddit+CoreDataClass.swift */ = {isa = PBXFileReference; lastKnownFileType = sourcecode.swift; path = "Reddit+CoreDataClass.swift"; sourceTree = "<group>"; };
		58C4939223011685005DBAC5 /* Reddit+CoreDataProperties.swift */ = {isa = PBXFileReference; lastKnownFileType = sourcecode.swift; path = "Reddit+CoreDataProperties.swift"; sourceTree = "<group>"; };
/* End PBXFileReference section */

/* Begin PBXFrameworksBuildPhase section */
		586A2EE42300C11300AC2496 /* Frameworks */ = {
			isa = PBXFrameworksBuildPhase;
			buildActionMask = 2147483647;
			files = (
			);
			runOnlyForDeploymentPostprocessing = 0;
		};
/* End PBXFrameworksBuildPhase section */

/* Begin PBXGroup section */
		5838CD942309DA1100C6AAC2 /* ViewControllers */ = {
			isa = PBXGroup;
			children = (
				586A2EEC2300C11300AC2496 /* ViewController.swift */,
			);
			path = ViewControllers;
			sourceTree = "<group>";
		};
		5838CD952309DA3300C6AAC2 /* Models */ = {
			isa = PBXGroup;
			children = (
				58C4939123011685005DBAC5 /* Reddit+CoreDataClass.swift */,
				58C4939223011685005DBAC5 /* Reddit+CoreDataProperties.swift */,
			);
			path = Models;
			sourceTree = "<group>";
		};
		5838CD972309DA5900C6AAC2 /* Cells */ = {
			isa = PBXGroup;
			children = (
				586A2EFF2300C1F200AC2496 /* RedditCell.swift */,
			);
			path = Cells;
			sourceTree = "<group>";
		};
		5838CD982309DA6900C6AAC2 /* Networking */ = {
			isa = PBXGroup;
			children = (
				5838CD992309DACB00C6AAC2 /* NetworkingManager.swift */,
			);
			path = Networking;
			sourceTree = "<group>";
		};
		586A2EDE2300C11300AC2496 = {
			isa = PBXGroup;
			children = (
				586A2EE92300C11300AC2496 /* DevigetTest */,
				586A2EE82300C11300AC2496 /* Products */,
			);
			sourceTree = "<group>";
		};
		586A2EE82300C11300AC2496 /* Products */ = {
			isa = PBXGroup;
			children = (
				586A2EE72300C11300AC2496 /* DevigetTest.app */,
			);
			name = Products;
			sourceTree = "<group>";
		};
		586A2EE92300C11300AC2496 /* DevigetTest */ = {
			isa = PBXGroup;
			children = (
				5838CD982309DA6900C6AAC2 /* Networking */,
				5838CD952309DA3300C6AAC2 /* Models */,
				5838CD942309DA1100C6AAC2 /* ViewControllers */,
				586A2EEA2300C11300AC2496 /* AppDelegate.swift */,
				5838CD972309DA5900C6AAC2 /* Cells */,
				586A2EEE2300C11300AC2496 /* Main.storyboard */,
				586A2EF42300C11400AC2496 /* Assets.xcassets */,
				586A2EF62300C11400AC2496 /* LaunchScreen.storyboard */,
				586A2EF92300C11400AC2496 /* Info.plist */,
				586A2EF12300C11300AC2496 /* DevigetTest.xcdatamodeld */,
			);
			path = DevigetTest;
			sourceTree = "<group>";
		};
/* End PBXGroup section */

/* Begin PBXNativeTarget section */
		586A2EE62300C11300AC2496 /* DevigetTest */ = {
			isa = PBXNativeTarget;
			buildConfigurationList = 586A2EFC2300C11400AC2496 /* Build configuration list for PBXNativeTarget "DevigetTest" */;
			buildPhases = (
				586A2EE32300C11300AC2496 /* Sources */,
				586A2EE42300C11300AC2496 /* Frameworks */,
				586A2EE52300C11300AC2496 /* Resources */,
			);
			buildRules = (
			);
			dependencies = (
			);
			name = DevigetTest;
			productName = DevigetTest;
			productReference = 586A2EE72300C11300AC2496 /* DevigetTest.app */;
			productType = "com.apple.product-type.application";
		};
/* End PBXNativeTarget section */

/* Begin PBXProject section */
		586A2EDF2300C11300AC2496 /* Project object */ = {
			isa = PBXProject;
			attributes = {
				LastSwiftUpdateCheck = 1030;
				LastUpgradeCheck = 1030;
				ORGANIZATIONNAME = "Pablo Javier Bertola";
				TargetAttributes = {
					586A2EE62300C11300AC2496 = {
						CreatedOnToolsVersion = 10.3;
					};
				};
			};
			buildConfigurationList = 586A2EE22300C11300AC2496 /* Build configuration list for PBXProject "DevigetTest" */;
			compatibilityVersion = "Xcode 9.3";
			developmentRegion = en;
			hasScannedForEncodings = 0;
			knownRegions = (
				en,
				Base,
			);
			mainGroup = 586A2EDE2300C11300AC2496;
			productRefGroup = 586A2EE82300C11300AC2496 /* Products */;
			projectDirPath = "";
			projectRoot = "";
			targets = (
				586A2EE62300C11300AC2496 /* DevigetTest */,
			);
		};
/* End PBXProject section */

/* Begin PBXResourcesBuildPhase section */
		586A2EE52300C11300AC2496 /* Resources */ = {
			isa = PBXResourcesBuildPhase;
			buildActionMask = 2147483647;
			files = (
				586A2EF82300C11400AC2496 /* LaunchScreen.storyboard in Resources */,
				586A2EF52300C11400AC2496 /* Assets.xcassets in Resources */,
				586A2EF02300C11300AC2496 /* Main.storyboard in Resources */,
			);
			runOnlyForDeploymentPostprocessing = 0;
		};
/* End PBXResourcesBuildPhase section */

/* Begin PBXSourcesBuildPhase section */
		586A2EE32300C11300AC2496 /* Sources */ = {
			isa = PBXSourcesBuildPhase;
			buildActionMask = 2147483647;
			files = (
				586A2EF32300C11300AC2496 /* DevigetTest.xcdatamodeld in Sources */,
				58C4939323011685005DBAC5 /* Reddit+CoreDataClass.swift in Sources */,
				586A2EED2300C11300AC2496 /* ViewController.swift in Sources */,
				586A2EEB2300C11300AC2496 /* AppDelegate.swift in Sources */,
				586A2F002300C1F200AC2496 /* RedditCell.swift in Sources */,
				58C4939423011685005DBAC5 /* Reddit+CoreDataProperties.swift in Sources */,
				5838CD9A2309DACB00C6AAC2 /* NetworkingManager.swift in Sources */,
			);
			runOnlyForDeploymentPostprocessing = 0;
		};
/* End PBXSourcesBuildPhase section */

/* Begin PBXVariantGroup section */
		586A2EEE2300C11300AC2496 /* Main.storyboard */ = {
			isa = PBXVariantGroup;
			children = (
				586A2EEF2300C11300AC2496 /* Base */,
			);
			name = Main.storyboard;
			sourceTree = "<group>";
		};
		586A2EF62300C11400AC2496 /* LaunchScreen.storyboard */ = {
			isa = PBXVariantGroup;
			children = (
				586A2EF72300C11400AC2496 /* Base */,
			);
			name = LaunchScreen.storyboard;
			sourceTree = "<group>";
		};
/* End PBXVariantGroup section */

/* Begin XCBuildConfiguration section */
		586A2EFA2300C11400AC2496 /* Debug */ = {
			isa = XCBuildConfiguration;
			buildSettings = {
				ALWAYS_SEARCH_USER_PATHS = NO;
				CLANG_ANALYZER_NONNULL = YES;
				CLANG_ANALYZER_NUMBER_OBJECT_CONVERSION = YES_AGGRESSIVE;
				CLANG_CXX_LANGUAGE_STANDARD = "gnu++14";
				CLANG_CXX_LIBRARY = "libc++";
				CLANG_ENABLE_MODULES = YES;
				CLANG_ENABLE_OBJC_ARC = YES;
				CLANG_ENABLE_OBJC_WEAK = YES;
				CLANG_WARN_BLOCK_CAPTURE_AUTORELEASING = YES;
				CLANG_WARN_BOOL_CONVERSION = YES;
				CLANG_WARN_COMMA = YES;
				CLANG_WARN_CONSTANT_CONVERSION = YES;
				CLANG_WARN_DEPRECATED_OBJC_IMPLEMENTATIONS = YES;
				CLANG_WARN_DIRECT_OBJC_ISA_USAGE = YES_ERROR;
				CLANG_WARN_DOCUMENTATION_COMMENTS = YES;
				CLANG_WARN_EMPTY_BODY = YES;
				CLANG_WARN_ENUM_CONVERSION = YES;
				CLANG_WARN_INFINITE_RECURSION = YES;
				CLANG_WARN_INT_CONVERSION = YES;
				CLANG_WARN_NON_LITERAL_NULL_CONVERSION = YES;
				CLANG_WARN_OBJC_IMPLICIT_RETAIN_SELF = YES;
				CLANG_WARN_OBJC_LITERAL_CONVERSION = YES;
				CLANG_WARN_OBJC_ROOT_CLASS = YES_ERROR;
				CLANG_WARN_RANGE_LOOP_ANALYSIS = YES;
				CLANG_WARN_STRICT_PROTOTYPES = YES;
				CLANG_WARN_SUSPICIOUS_MOVE = YES;
				CLANG_WARN_UNGUARDED_AVAILABILITY = YES_AGGRESSIVE;
				CLANG_WARN_UNREACHABLE_CODE = YES;
				CLANG_WARN__DUPLICATE_METHOD_MATCH = YES;
				CODE_SIGN_IDENTITY = "iPhone Developer";
				COPY_PHASE_STRIP = NO;
				DEBUG_INFORMATION_FORMAT = dwarf;
				ENABLE_STRICT_OBJC_MSGSEND = YES;
				ENABLE_TESTABILITY = YES;
				GCC_C_LANGUAGE_STANDARD = gnu11;
				GCC_DYNAMIC_NO_PIC = NO;
				GCC_NO_COMMON_BLOCKS = YES;
				GCC_OPTIMIZATION_LEVEL = 0;
				GCC_PREPROCESSOR_DEFINITIONS = (
					"DEBUG=1",
					"$(inherited)",
				);
				GCC_WARN_64_TO_32_BIT_CONVERSION = YES;
				GCC_WARN_ABOUT_RETURN_TYPE = YES_ERROR;
				GCC_WARN_UNDECLARED_SELECTOR = YES;
				GCC_WARN_UNINITIALIZED_AUTOS = YES_AGGRESSIVE;
				GCC_WARN_UNUSED_FUNCTION = YES;
				GCC_WARN_UNUSED_VARIABLE = YES;
				IPHONEOS_DEPLOYMENT_TARGET = 12.4;
				MTL_ENABLE_DEBUG_INFO = INCLUDE_SOURCE;
				MTL_FAST_MATH = YES;
				ONLY_ACTIVE_ARCH = YES;
				SDKROOT = iphoneos;
				SWIFT_ACTIVE_COMPILATION_CONDITIONS = DEBUG;
				SWIFT_OPTIMIZATION_LEVEL = "-Onone";
			};
			name = Debug;
		};
		586A2EFB2300C11400AC2496 /* Release */ = {
			isa = XCBuildConfiguration;
			buildSettings = {
				ALWAYS_SEARCH_USER_PATHS = NO;
				CLANG_ANALYZER_NONNULL = YES;
				CLANG_ANALYZER_NUMBER_OBJECT_CONVERSION = YES_AGGRESSIVE;
				CLANG_CXX_LANGUAGE_STANDARD = "gnu++14";
				CLANG_CXX_LIBRARY = "libc++";
				CLANG_ENABLE_MODULES = YES;
				CLANG_ENABLE_OBJC_ARC = YES;
				CLANG_ENABLE_OBJC_WEAK = YES;
				CLANG_WARN_BLOCK_CAPTURE_AUTORELEASING = YES;
				CLANG_WARN_BOOL_CONVERSION = YES;
				CLANG_WARN_COMMA = YES;
				CLANG_WARN_CONSTANT_CONVERSION = YES;
				CLANG_WARN_DEPRECATED_OBJC_IMPLEMENTATIONS = YES;
				CLANG_WARN_DIRECT_OBJC_ISA_USAGE = YES_ERROR;
				CLANG_WARN_DOCUMENTATION_COMMENTS = YES;
				CLANG_WARN_EMPTY_BODY = YES;
				CLANG_WARN_ENUM_CONVERSION = YES;
				CLANG_WARN_INFINITE_RECURSION = YES;
				CLANG_WARN_INT_CONVERSION = YES;
				CLANG_WARN_NON_LITERAL_NULL_CONVERSION = YES;
				CLANG_WARN_OBJC_IMPLICIT_RETAIN_SELF = YES;
				CLANG_WARN_OBJC_LITERAL_CONVERSION = YES;
				CLANG_WARN_OBJC_ROOT_CLASS = YES_ERROR;
				CLANG_WARN_RANGE_LOOP_ANALYSIS = YES;
				CLANG_WARN_STRICT_PROTOTYPES = YES;
				CLANG_WARN_SUSPICIOUS_MOVE = YES;
				CLANG_WARN_UNGUARDED_AVAILABILITY = YES_AGGRESSIVE;
				CLANG_WARN_UNREACHABLE_CODE = YES;
				CLANG_WARN__DUPLICATE_METHOD_MATCH = YES;
				CODE_SIGN_IDENTITY = "iPhone Developer";
				COPY_PHASE_STRIP = NO;
				DEBUG_INFORMATION_FORMAT = "dwarf-with-dsym";
				ENABLE_NS_ASSERTIONS = NO;
				ENABLE_STRICT_OBJC_MSGSEND = YES;
				GCC_C_LANGUAGE_STANDARD = gnu11;
				GCC_NO_COMMON_BLOCKS = YES;
				GCC_WARN_64_TO_32_BIT_CONVERSION = YES;
				GCC_WARN_ABOUT_RETURN_TYPE = YES_ERROR;
				GCC_WARN_UNDECLARED_SELECTOR = YES;
				GCC_WARN_UNINITIALIZED_AUTOS = YES_AGGRESSIVE;
				GCC_WARN_UNUSED_FUNCTION = YES;
				GCC_WARN_UNUSED_VARIABLE = YES;
				IPHONEOS_DEPLOYMENT_TARGET = 12.4;
				MTL_ENABLE_DEBUG_INFO = NO;
				MTL_FAST_MATH = YES;
				SDKROOT = iphoneos;
				SWIFT_COMPILATION_MODE = wholemodule;
				SWIFT_OPTIMIZATION_LEVEL = "-O";
				VALIDATE_PRODUCT = YES;
			};
			name = Release;
		};
		586A2EFD2300C11400AC2496 /* Debug */ = {
			isa = XCBuildConfiguration;
			buildSettings = {
				ASSETCATALOG_COMPILER_APPICON_NAME = AppIcon;
				CODE_SIGN_STYLE = Automatic;
				INFOPLIST_FILE = DevigetTest/Info.plist;
				LD_RUNPATH_SEARCH_PATHS = (
					"$(inherited)",
					"@executable_path/Frameworks",
				);
				PRODUCT_BUNDLE_IDENTIFIER = deviget.DevigetTest;
				PRODUCT_NAME = "$(TARGET_NAME)";
				SWIFT_VERSION = 5.0;
				TARGETED_DEVICE_FAMILY = "1,2";
			};
			name = Debug;
		};
		586A2EFE2300C11400AC2496 /* Release */ = {
			isa = XCBuildConfiguration;
			buildSettings = {
				ASSETCATALOG_COMPILER_APPICON_NAME = AppIcon;
				CODE_SIGN_STYLE = Automatic;
				INFOPLIST_FILE = DevigetTest/Info.plist;
				LD_RUNPATH_SEARCH_PATHS = (
					"$(inherited)",
					"@executable_path/Frameworks",
				);
				PRODUCT_BUNDLE_IDENTIFIER = deviget.DevigetTest;
				PRODUCT_NAME = "$(TARGET_NAME)";
				SWIFT_VERSION = 5.0;
				TARGETED_DEVICE_FAMILY = "1,2";
			};
			name = Release;
		};
/* End XCBuildConfiguration section */

/* Begin XCConfigurationList section */
		586A2EE22300C11300AC2496 /* Build configuration list for PBXProject "DevigetTest" */ = {
			isa = XCConfigurationList;
			buildConfigurations = (
				586A2EFA2300C11400AC2496 /* Debug */,
				586A2EFB2300C11400AC2496 /* Release */,
			);
			defaultConfigurationIsVisible = 0;
			defaultConfigurationName = Release;
		};
		586A2EFC2300C11400AC2496 /* Build configuration list for PBXNativeTarget "DevigetTest" */ = {
			isa = XCConfigurationList;
			buildConfigurations = (
				586A2EFD2300C11400AC2496 /* Debug */,
				586A2EFE2300C11400AC2496 /* Release */,
			);
			defaultConfigurationIsVisible = 0;
			defaultConfigurationName = Release;
		};
/* End XCConfigurationList section */

/* Begin XCVersionGroup section */
		586A2EF12300C11300AC2496 /* DevigetTest.xcdatamodeld */ = {
			isa = XCVersionGroup;
			children = (
				586A2EF22300C11300AC2496 /* DevigetTest.xcdatamodel */,
			);
			currentVersion = 586A2EF22300C11300AC2496 /* DevigetTest.xcdatamodel */;
			path = DevigetTest.xcdatamodeld;
			sourceTree = "<group>";
			versionGroupType = wrapper.xcdatamodel;
		};
/* End XCVersionGroup section */
	};
	rootObject = 586A2EDF2300C11300AC2496 /* Project object */;
}
